
Microsoft Visual Studio Solution File, Format Version 12.00
# Visual Studio Version 17
VisualStudioVersion = 17.4.33205.214
MinimumVisualStudioVersion = 10.0.40219.1
Project("{FAE04EC0-301F-11D3-BF4B-00C04F79EFBC}") = "WhereGame", "WhereGame.csproj", "{CC1D586C-B3B9-48B7-B8A9-D09F869D2F10}"
EndProject
Global
	GlobalSection(SolutionConfigurationPlatforms) = preSolution
		Debug|Any CPU = Debug|Any CPU
		Release|Any CPU = Release|Any CPU
	EndGlobalSection
	GlobalSection(ProjectConfigurationPlatforms) = postSolution
		{CC1D586C-B3B9-48B7-B8A9-D09F869D2F10}.Debug|Any CPU.ActiveCfg = Debug|Any CPU
		{CC1D586C-B3B9-48B7-B8A9-D09F869D2F10}.Debug|Any CPU.Build.0 = Debug|Any CPU
		{CC1D586C-B3B9-48B7-B8A9-D09F869D2F10}.Release|Any CPU.ActiveCfg = Release|Any CPU
		{CC1D586C-B3B9-48B7-B8A9-D09F869D2F10}.Release|Any CPU.Build.0 = Release|Any CPU
	EndGlobalSection
	GlobalSection(SolutionProperties) = preSolution
		HideSolutionNode = FALSE
	EndGlobalSection
	GlobalSection(ExtensibilityGlobals) = postSolution
		SolutionGuid = {CFE09BA6-8D02-4878-A208-67AD88406380}
	EndGlobalSection
EndGlobal
